
Microsoft Visual Studio Solution File, Format Version 12.00
# Visual Studio Version 16
VisualStudioVersion = 16.0.31205.134
MinimumVisualStudioVersion = 10.0.40219.1
Project("{FAE04EC0-301F-11D3-BF4B-00C04F79EFBC}") = "TI_4", "TI_4.csproj", "{A81A6D39-1A33-4CB7-96A7-85CC4ADE4649}"
EndProject
Global
	GlobalSection(SolutionConfigurationPlatforms) = preSolution
		Debug|Any CPU = Debug|Any CPU
		Release|Any CPU = Release|Any CPU
	EndGlobalSection
	GlobalSection(ProjectConfigurationPlatforms) = postSolution
		{A81A6D39-1A33-4CB7-96A7-85CC4ADE4649}.Debug|Any CPU.ActiveCfg = Debug|Any CPU
		{A81A6D39-1A33-4CB7-96A7-85CC4ADE4649}.Debug|Any CPU.Build.0 = Debug|Any CPU
		{A81A6D39-1A33-4CB7-96A7-85CC4ADE4649}.Release|Any CPU.ActiveCfg = Release|Any CPU
		{A81A6D39-1A33-4CB7-96A7-85CC4ADE4649}.Release|Any CPU.Build.0 = Release|Any CPU
	EndGlobalSection
	GlobalSection(SolutionProperties) = preSolution
		HideSolutionNode = FALSE
	EndGlobalSection
	GlobalSection(ExtensibilityGlobals) = postSolution
		SolutionGuid = {91C1D141-3FF7-410D-BE35-0FFC8D4C94D4}
	EndGlobalSection
EndGlobal
